
Microsoft Visual Studio Solution File, Format Version 12.00
# Visual Studio Version 17
VisualStudioVersion = 17.7.34202.233
MinimumVisualStudioVersion = 10.0.40219.1
Project("{FAE04EC0-301F-11D3-BF4B-00C04F79EFBC}") = "StageMover", "StageMover.csproj", "{20FD5D1B-53E9-486A-B33A-F8EEA8ECD879}"
EndProject
Global
	GlobalSection(SolutionConfigurationPlatforms) = preSolution
		Debug|Any CPU = Debug|Any CPU
		Release|Any CPU = Release|Any CPU
	EndGlobalSection
	GlobalSection(ProjectConfigurationPlatforms) = postSolution
		{20FD5D1B-53E9-486A-B33A-F8EEA8ECD879}.Debug|Any CPU.ActiveCfg = Debug|Any CPU
		{20FD5D1B-53E9-486A-B33A-F8EEA8ECD879}.Debug|Any CPU.Build.0 = Debug|Any CPU
		{20FD5D1B-53E9-486A-B33A-F8EEA8ECD879}.Release|Any CPU.ActiveCfg = Release|Any CPU
		{20FD5D1B-53E9-486A-B33A-F8EEA8ECD879}.Release|Any CPU.Build.0 = Release|Any CPU
	EndGlobalSection
	GlobalSection(SolutionProperties) = preSolution
		HideSolutionNode = FALSE
	EndGlobalSection
	GlobalSection(ExtensibilityGlobals) = postSolution
		SolutionGuid = {1E9CA0DB-92AF-4824-9917-54249C90FCF4}
	EndGlobalSection
EndGlobal
